Microsoft Visual Studio Solution File, Format Version 12.00
# Visual Studio Version 17
VisualStudioVersion = 17.5.2.0
MinimumVisualStudioVersion = 10.0.40219.1
Project("{2150E333-8FDC-42A3-9474-1A3956D46DE8}") = "backend", "backend", "{1AE8ACA6-933B-BF2A-3671-3E2EAC007D16}"
EndProject
Project("{FAE04EC0-301F-11D3-BF4B-00C04F79EFBC}") = "GLAT.Api", "backend\GLAT.Api\GLAT.Api.csproj", "{715F152D-8456-8796-7364-409FE050142C}"
EndProject
Global
	GlobalSection(SolutionConfigurationPlatforms) = preSolution
		Debug|Any CPU = Debug|Any CPU
		Release|Any CPU = Release|Any CPU
	EndGlobalSection
	GlobalSection(ProjectConfigurationPlatforms) = postSolution
		{715F152D-8456-8796-7364-409FE050142C}.Debug|Any CPU.ActiveCfg = Debug|Any CPU
		{715F152D-8456-8796-7364-409FE050142C}.Debug|Any CPU.Build.0 = Debug|Any CPU
		{715F152D-8456-8796-7364-409FE050142C}.Release|Any CPU.ActiveCfg = Release|Any CPU
		{715F152D-8456-8796-7364-409FE050142C}.Release|Any CPU.Build.0 = Release|Any CPU
	EndGlobalSection
	GlobalSection(SolutionProperties) = preSolution
		HideSolutionNode = FALSE
	EndGlobalSection
	GlobalSection(NestedProjects) = preSolution
		{715F152D-8456-8796-7364-409FE050142C} = {1AE8ACA6-933B-BF2A-3671-3E2EAC007D16}
	EndGlobalSection
	GlobalSection(ExtensibilityGlobals) = postSolution
		SolutionGuid = {282C095E-AFBF-4A51-8A21-CDEB742E929E}
	EndGlobalSection
EndGlobal
